// !$*UTF8*$!
{
	archiveVersion = 1;
	classes = {
	};
	objectVersion = 50;
	objects = {

/* Begin PBXBuildFile section */
		0E10890823E9C2B5007672B0 /* mobilefacenet.cpp in Sources */ = {isa = PBXBuildFile; fileRef = 0E10890623E9C2B4007672B0 /* mobilefacenet.cpp */; };
		0E10890923E9C2B5007672B0 /* mtcnn.cpp in Sources */ = {isa = PBXBuildFile; fileRef = 0E10890723E9C2B5007672B0 /* mtcnn.cpp */; };
		0E10896B23E9E259007672B0 /* mobilefacenet.bin in Resources */ = {isa = PBXBuildFile; fileRef = 0E10896023E9E259007672B0 /* mobilefacenet.bin */; };
		0E10896C23E9E259007672B0 /* det1.prototxt in Resources */ = {isa = PBXBuildFile; fileRef = 0E10896123E9E259007672B0 /* det1.prototxt */; };
		0E10896D23E9E259007672B0 /* det3.prototxt in Resources */ = {isa = PBXBuildFile; fileRef = 0E10896223E9E259007672B0 /* det3.prototxt */; };
		0E10896E23E9E259007672B0 /* det2.prototxt in Resources */ = {isa = PBXBuildFile; fileRef = 0E10896323E9E259007672B0 /* det2.prototxt */; };
		0E10896F23E9E259007672B0 /* det3.param in Resources */ = {isa = PBXBuildFile; fileRef = 0E10896423E9E259007672B0 /* det3.param */; };
		0E10897023E9E259007672B0 /* det1.param in Resources */ = {isa = PBXBuildFile; fileRef = 0E10896523E9E259007672B0 /* det1.param */; };
		0E10897123E9E259007672B0 /* det2.param in Resources */ = {isa = PBXBuildFile; fileRef = 0E10896623E9E259007672B0 /* det2.param */; };
		0E10897223E9E259007672B0 /* det2.bin in Resources */ = {isa = PBXBuildFile; fileRef = 0E10896723E9E259007672B0 /* det2.bin */; };
		0E10897323E9E259007672B0 /* det3.bin in Resources */ = {isa = PBXBuildFile; fileRef = 0E10896823E9E259007672B0 /* det3.bin */; };
		0E10897423E9E259007672B0 /* det1.bin in Resources */ = {isa = PBXBuildFile; fileRef = 0E10896923E9E259007672B0 /* det1.bin */; };
		0E10897523E9E259007672B0 /* mobilefacenet.param in Resources */ = {isa = PBXBuildFile; fileRef = 0E10896A23E9E259007672B0 /* mobilefacenet.param */; };
		0E10897B23E9E349007672B0 /* PhotoCapturer.swift in Sources */ = {isa = PBXBuildFile; fileRef = 0E10897A23E9E349007672B0 /* PhotoCapturer.swift */; };
		0E38EEE323E84F200012A887 /* CV.mm in Sources */ = {isa = PBXBuildFile; fileRef = 0E38EEE223E84F200012A887 /* CV.mm */; };
		0E38EEE623E8522A0012A887 /* mtcnn_mobilefacenet.cpp in Sources */ = {isa = PBXBuildFile; fileRef = 0E38EEE523E8522A0012A887 /* mtcnn_mobilefacenet.cpp */; };
		0E38EEF323E90E4F0012A887 /* libncnn.a in Frameworks */ = {isa = PBXBuildFile; fileRef = 0E38EEF223E90E4F0012A887 /* libncnn.a */; };
		0E8DE38523EA60EE009EFDC0 /* Accelerate.framework in Frameworks */ = {isa = PBXBuildFile; fileRef = 0E1088F623E98C06007672B0 /* Accelerate.framework */; };
		0E8DE38823EA60EF009EFDC0 /* OpenCL.framework in Frameworks */ = {isa = PBXBuildFile; fileRef = 0E1088F823E98C0C007672B0 /* OpenCL.framework */; };
		0E8DE38A23EA60F1009EFDC0 /* opencv2.framework in Frameworks */ = {isa = PBXBuildFile; fileRef = 0E10898623EA5FF3007672B0 /* opencv2.framework */; };
		0ECA375223E2A66C00BDA873 /* AppDelegate.swift in Sources */ = {isa = PBXBuildFile; fileRef = 0ECA375123E2A66C00BDA873 /* AppDelegate.swift */; };
		0ECA375623E2A66E00BDA873 /* Assets.xcassets in Resources */ = {isa = PBXBuildFile; fileRef = 0ECA375523E2A66E00BDA873 /* Assets.xcassets */; };
		0ECA375923E2A66E00BDA873 /* Preview Assets.xcassets in Resources */ = {isa = PBXBuildFile; fileRef = 0ECA375823E2A66E00BDA873 /* Preview Assets.xcassets */; };
		0ECA375C23E2A66E00BDA873 /* Main.storyboard in Resources */ = {isa = PBXBuildFile; fileRef = 0ECA375A23E2A66E00BDA873 /* Main.storyboard */; };
		0ECA376723E2B3F300BDA873 /* MenuViewController.swift in Sources */ = {isa = PBXBuildFile; fileRef = 0ECA376623E2B3F300BDA873 /* MenuViewController.swift */; };
/* End PBXBuildFile section */

/* Begin PBXFileReference section */
		0E1088F623E98C06007672B0 /* Accelerate.framework */ = {isa = PBXFileReference; lastKnownFileType = wrapper.framework; name = Accelerate.framework; path = System/Library/Frameworks/Accelerate.framework; sourceTree = SDKROOT; };
		0E1088F823E98C0C007672B0 /* OpenCL.framework */ = {isa = PBXFileReference; lastKnownFileType = wrapper.framework; name = OpenCL.framework; path = System/Library/Frameworks/OpenCL.framework; sourceTree = SDKROOT; };
		0E10890423E9C2B4007672B0 /* mobilefacenet.h */ = {isa = PBXFileReference; fileEncoding = 4; lastKnownFileType = sourcecode.c.h; path = mobilefacenet.h; sourceTree = "<group>"; };
		0E10890523E9C2B4007672B0 /* mtcnn.h */ = {isa = PBXFileReference; fileEncoding = 4; lastKnownFileType = sourcecode.c.h; path = mtcnn.h; sourceTree = "<group>"; };
		0E10890623E9C2B4007672B0 /* mobilefacenet.cpp */ = {isa = PBXFileReference; fileEncoding = 4; lastKnownFileType = sourcecode.cpp.cpp; path = mobilefacenet.cpp; sourceTree = "<group>"; };
		0E10890723E9C2B5007672B0 /* mtcnn.cpp */ = {isa = PBXFileReference; fileEncoding = 4; lastKnownFileType = sourcecode.cpp.cpp; path = mtcnn.cpp; sourceTree = "<group>"; };
		0E10896023E9E259007672B0 /* mobilefacenet.bin */ = {isa = PBXFileReference; lastKnownFileType = archive.macbinary; path = mobilefacenet.bin; sourceTree = "<group>"; };
		0E10896123E9E259007672B0 /* det1.prototxt */ = {isa = PBXFileReference; fileEncoding = 4; lastKnownFileType = text; path = det1.prototxt; sourceTree = "<group>"; };
		0E10896223E9E259007672B0 /* det3.prototxt */ = {isa = PBXFileReference; fileEncoding = 4; lastKnownFileType = text; path = det3.prototxt; sourceTree = "<group>"; };
		0E10896323E9E259007672B0 /* det2.prototxt */ = {isa = PBXFileReference; fileEncoding = 4; lastKnownFileType = text; path = det2.prototxt; sourceTree = "<group>"; };
		0E10896423E9E259007672B0 /* det3.param */ = {isa = PBXFileReference; fileEncoding = 4; lastKnownFileType = text; path = det3.param; sourceTree = "<group>"; };
		0E10896523E9E259007672B0 /* det1.param */ = {isa = PBXFileReference; fileEncoding = 4; lastKnownFileType = text; path = det1.param; sourceTree = "<group>"; };
		0E10896623E9E259007672B0 /* det2.param */ = {isa = PBXFileReference; fileEncoding = 4; lastKnownFileType = text; path = det2.param; sourceTree = "<group>"; };
		0E10896723E9E259007672B0 /* det2.bin */ = {isa = PBXFileReference; lastKnownFileType = archive.macbinary; path = det2.bin; sourceTree = "<group>"; };
		0E10896823E9E259007672B0 /* det3.bin */ = {isa = PBXFileReference; lastKnownFileType = archive.macbinary; path = det3.bin; sourceTree = "<group>"; };
		0E10896923E9E259007672B0 /* det1.bin */ = {isa = PBXFileReference; lastKnownFileType = archive.macbinary; path = det1.bin; sourceTree = "<group>"; };
		0E10896A23E9E259007672B0 /* mobilefacenet.param */ = {isa = PBXFileReference; fileEncoding = 4; lastKnownFileType = text; path = mobilefacenet.param; sourceTree = "<group>"; };
		0E10897A23E9E349007672B0 /* PhotoCapturer.swift */ = {isa = PBXFileReference; fileEncoding = 4; lastKnownFileType = sourcecode.swift; path = PhotoCapturer.swift; sourceTree = "<group>"; };
		0E10898623EA5FF3007672B0 /* opencv2.framework */ = {isa = PBXFileReference; lastKnownFileType = wrapper.framework; name = opencv2.framework; path = "../../CppProjects/opencv-3.4.9/platforms/osx/osx/opencv2.framework"; sourceTree = "<group>"; };
		0E38EEE123E84F200012A887 /* FaceLockProject-Bridging-Header.h */ = {isa = PBXFileReference; lastKnownFileType = sourcecode.c.h; path = "FaceLockProject-Bridging-Header.h"; sourceTree = "<group>"; };
		0E38EEE223E84F200012A887 /* CV.mm */ = {isa = PBXFileReference; lastKnownFileType = sourcecode.cpp.objcpp; path = CV.mm; sourceTree = "<group>"; };
		0E38EEE423E8522A0012A887 /* mtcnn_mobilefacenet.h */ = {isa = PBXFileReference; fileEncoding = 4; lastKnownFileType = sourcecode.c.h; path = mtcnn_mobilefacenet.h; sourceTree = "<group>"; };
		0E38EEE523E8522A0012A887 /* mtcnn_mobilefacenet.cpp */ = {isa = PBXFileReference; fileEncoding = 4; lastKnownFileType = sourcecode.cpp.cpp; path = mtcnn_mobilefacenet.cpp; sourceTree = "<group>"; };
		0E38EEE723E852450012A887 /* CV.h */ = {isa = PBXFileReference; lastKnownFileType = sourcecode.c.h; path = CV.h; sourceTree = "<group>"; };
		0E38EEF223E90E4F0012A887 /* libncnn.a */ = {isa = PBXFileReference; lastKnownFileType = archive.ar; name = libncnn.a; path = ../../CppProjects/ncnn/build/install/lib/libncnn.a; sourceTree = "<group>"; };
		0E8DE38D23EA76B6009EFDC0 /* modelbin.h */ = {isa = PBXFileReference; fileEncoding = 4; lastKnownFileType = sourcecode.c.h; path = modelbin.h; sourceTree = "<group>"; };
		0E8DE38E23EA76B6009EFDC0 /* net.h */ = {isa = PBXFileReference; fileEncoding = 4; lastKnownFileType = sourcecode.c.h; path = net.h; sourceTree = "<group>"; };
		0E8DE38F23EA76B6009EFDC0 /* mat.h */ = {isa = PBXFileReference; fileEncoding = 4; lastKnownFileType = sourcecode.c.h; path = mat.h; sourceTree = "<group>"; };
		0E8DE39023EA76B6009EFDC0 /* blob.h */ = {isa = PBXFileReference; fileEncoding = 4; lastKnownFileType = sourcecode.c.h; path = blob.h; sourceTree = "<group>"; };
		0E8DE39123EA76B6009EFDC0 /* layer.h */ = {isa = PBXFileReference; fileEncoding = 4; lastKnownFileType = sourcecode.c.h; path = layer.h; sourceTree = "<group>"; };
		0E8DE39223EA76B6009EFDC0 /* paramdict.h */ = {isa = PBXFileReference; fileEncoding = 4; lastKnownFileType = sourcecode.c.h; path = paramdict.h; sourceTree = "<group>"; };
		0E8DE39323EA76B6009EFDC0 /* option.h */ = {isa = PBXFileReference; fileEncoding = 4; lastKnownFileType = sourcecode.c.h; path = option.h; sourceTree = "<group>"; };
		0E8DE39423EA76B6009EFDC0 /* gpu.h */ = {isa = PBXFileReference; fileEncoding = 4; lastKnownFileType = sourcecode.c.h; path = gpu.h; sourceTree = "<group>"; };
		0E8DE39523EA76B6009EFDC0 /* opencv.h */ = {isa = PBXFileReference; fileEncoding = 4; lastKnownFileType = sourcecode.c.h; path = opencv.h; sourceTree = "<group>"; };
		0E8DE39623EA76B6009EFDC0 /* allocator.h */ = {isa = PBXFileReference; fileEncoding = 4; lastKnownFileType = sourcecode.c.h; path = allocator.h; sourceTree = "<group>"; };
		0E8DE39723EA76B6009EFDC0 /* cpu.h */ = {isa = PBXFileReference; fileEncoding = 4; lastKnownFileType = sourcecode.c.h; path = cpu.h; sourceTree = "<group>"; };
		0E8DE39823EA76B6009EFDC0 /* layer_type_enum.h */ = {isa = PBXFileReference; fileEncoding = 4; lastKnownFileType = sourcecode.c.h; path = layer_type_enum.h; sourceTree = "<group>"; };
		0E8DE39923EA76B6009EFDC0 /* layer_type.h */ = {isa = PBXFileReference; fileEncoding = 4; lastKnownFileType = sourcecode.c.h; path = layer_type.h; sourceTree = "<group>"; };
		0E8DE39A23EA76B6009EFDC0 /* pipeline.h */ = {isa = PBXFileReference; fileEncoding = 4; lastKnownFileType = sourcecode.c.h; path = pipeline.h; sourceTree = "<group>"; };
		0E8DE39B23EA76B6009EFDC0 /* command.h */ = {isa = PBXFileReference; fileEncoding = 4; lastKnownFileType = sourcecode.c.h; path = command.h; sourceTree = "<group>"; };
		0E8DE39C23EA76B6009EFDC0 /* benchmark.h */ = {isa = PBXFileReference; fileEncoding = 4; lastKnownFileType = sourcecode.c.h; path = benchmark.h; sourceTree = "<group>"; };
		0E8DE39D23EA76B6009EFDC0 /* platform.h */ = {isa = PBXFileReference; fileEncoding = 4; lastKnownFileType = sourcecode.c.h; path = platform.h; sourceTree = "<group>"; };
		0E8DE39E23EA76B6009EFDC0 /* datareader.h */ = {isa = PBXFileReference; fileEncoding = 4; lastKnownFileType = sourcecode.c.h; path = datareader.h; sourceTree = "<group>"; };
		0ECA374E23E2A66C00BDA873 /* FaceLockProject.app */ = {isa = PBXFileReference; explicitFileType = wrapper.application; includeInIndex = 0; path = FaceLockProject.app; sourceTree = BUILT_PRODUCTS_DIR; };
		0ECA375123E2A66C00BDA873 /* AppDelegate.swift */ = {isa = PBXFileReference; lastKnownFileType = sourcecode.swift; path = AppDelegate.swift; sourceTree = "<group>"; };
		0ECA375523E2A66E00BDA873 /* Assets.xcassets */ = {isa = PBXFileReference; lastKnownFileType = folder.assetcatalog; path = Assets.xcassets; sourceTree = "<group>"; };
		0ECA375823E2A66E00BDA873 /* Preview Assets.xcassets */ = {isa = PBXFileReference; lastKnownFileType = folder.assetcatalog; path = "Preview Assets.xcassets"; sourceTree = "<group>"; };
		0ECA375B23E2A66E00BDA873 /* Base */ = {isa = PBXFileReference; lastKnownFileType = file.storyboard; name = Base; path = Base.lproj/Main.storyboard; sourceTree = "<group>"; };
		0ECA375D23E2A66E00BDA873 /* Info.plist */ = {isa = PBXFileReference; lastKnownFileType = text.plist.xml; path = Info.plist; sourceTree = "<group>"; };
		0ECA375E23E2A66E00BDA873 /* FaceLockProject.entitlements */ = {isa = PBXFileReference; lastKnownFileType = text.plist.entitlements; path = FaceLockProject.entitlements; sourceTree = "<group>"; };
		0ECA376623E2B3F300BDA873 /* MenuViewController.swift */ = {isa = PBXFileReference; lastKnownFileType = sourcecode.swift; path = MenuViewController.swift; sourceTree = "<group>"; };
/* End PBXFileReference section */

/* Begin PBXFrameworksBuildPhase section */
		0ECA374B23E2A66B00BDA873 /* Frameworks */ = {
			isa = PBXFrameworksBuildPhase;
			buildActionMask = 2147483647;
			files = (
				0E8DE38523EA60EE009EFDC0 /* Accelerate.framework in Frameworks */,
				0E8DE38823EA60EF009EFDC0 /* OpenCL.framework in Frameworks */,
				0E8DE38A23EA60F1009EFDC0 /* opencv2.framework in Frameworks */,
				0E38EEF323E90E4F0012A887 /* libncnn.a in Frameworks */,
			);
			runOnlyForDeploymentPostprocessing = 0;
		};
/* End PBXFrameworksBuildPhase section */

/* Begin PBXGroup section */
		0E10895F23E9E259007672B0 /* Models */ = {
			isa = PBXGroup;
			children = (
				0E10896023E9E259007672B0 /* mobilefacenet.bin */,
				0E10896123E9E259007672B0 /* det1.prototxt */,
				0E10896223E9E259007672B0 /* det3.prototxt */,
				0E10896323E9E259007672B0 /* det2.prototxt */,
				0E10896423E9E259007672B0 /* det3.param */,
				0E10896523E9E259007672B0 /* det1.param */,
				0E10896623E9E259007672B0 /* det2.param */,
				0E10896723E9E259007672B0 /* det2.bin */,
				0E10896823E9E259007672B0 /* det3.bin */,
				0E10896923E9E259007672B0 /* det1.bin */,
				0E10896A23E9E259007672B0 /* mobilefacenet.param */,
			);
			path = Models;
			sourceTree = "<group>";
		};
		0E38EED323E7C9510012A887 /* Supporting Files */ = {
			isa = PBXGroup;
			children = (
				0ECA375D23E2A66E00BDA873 /* Info.plist */,
				0ECA375E23E2A66E00BDA873 /* FaceLockProject.entitlements */,
				0ECA375723E2A66E00BDA873 /* Preview Content */,
			);
			path = "Supporting Files";
			sourceTree = "<group>";
		};
		0E38EEE823E853920012A887 /* CV */ = {
			isa = PBXGroup;
			children = (
				0E8DE38C23EA76B6009EFDC0 /* 3rdparty */,
				0E38EEE723E852450012A887 /* CV.h */,
				0E38EEE223E84F200012A887 /* CV.mm */,
				0E38EEE523E8522A0012A887 /* mtcnn_mobilefacenet.cpp */,
				0E38EEE423E8522A0012A887 /* mtcnn_mobilefacenet.h */,
			);
			path = CV;
			sourceTree = "<group>";
		};
		0E38EEED23E883640012A887 /* Frameworks */ = {
			isa = PBXGroup;
			children = (
				0E10898623EA5FF3007672B0 /* opencv2.framework */,
				0E1088F823E98C0C007672B0 /* OpenCL.framework */,
				0E1088F623E98C06007672B0 /* Accelerate.framework */,
				0E38EEF223E90E4F0012A887 /* libncnn.a */,
			);
			name = Frameworks;
			sourceTree = "<group>";
		};
		0E8DE38C23EA76B6009EFDC0 /* 3rdparty */ = {
			isa = PBXGroup;
			children = (
				0E8DE3A123EA7CFA009EFDC0 /* ncnn */,
				0E10890623E9C2B4007672B0 /* mobilefacenet.cpp */,
				0E10890423E9C2B4007672B0 /* mobilefacenet.h */,
				0E10890723E9C2B5007672B0 /* mtcnn.cpp */,
				0E10890523E9C2B4007672B0 /* mtcnn.h */,
			);
			path = 3rdparty;
			sourceTree = "<group>";
		};
		0E8DE3A123EA7CFA009EFDC0 /* ncnn */ = {
			isa = PBXGroup;
			children = (
				0E8DE38D23EA76B6009EFDC0 /* modelbin.h */,
				0E8DE38E23EA76B6009EFDC0 /* net.h */,
				0E8DE38F23EA76B6009EFDC0 /* mat.h */,
				0E8DE39023EA76B6009EFDC0 /* blob.h */,
				0E8DE39123EA76B6009EFDC0 /* layer.h */,
				0E8DE39223EA76B6009EFDC0 /* paramdict.h */,
				0E8DE39323EA76B6009EFDC0 /* option.h */,
				0E8DE39423EA76B6009EFDC0 /* gpu.h */,
				0E8DE39523EA76B6009EFDC0 /* opencv.h */,
				0E8DE39623EA76B6009EFDC0 /* allocator.h */,
				0E8DE39723EA76B6009EFDC0 /* cpu.h */,
				0E8DE39823EA76B6009EFDC0 /* layer_type_enum.h */,
				0E8DE39923EA76B6009EFDC0 /* layer_type.h */,
				0E8DE39A23EA76B6009EFDC0 /* pipeline.h */,
				0E8DE39B23EA76B6009EFDC0 /* command.h */,
				0E8DE39C23EA76B6009EFDC0 /* benchmark.h */,
				0E8DE39D23EA76B6009EFDC0 /* platform.h */,
				0E8DE39E23EA76B6009EFDC0 /* datareader.h */,
			);
			path = ncnn;
			sourceTree = "<group>";
		};
		0ECA374523E2A66B00BDA873 = {
			isa = PBXGroup;
			children = (
				0ECA375023E2A66C00BDA873 /* FaceLockProject */,
				0ECA374F23E2A66C00BDA873 /* Products */,
				0E38EEED23E883640012A887 /* Frameworks */,
			);
			sourceTree = "<group>";
		};
		0ECA374F23E2A66C00BDA873 /* Products */ = {
			isa = PBXGroup;
			children = (
				0ECA374E23E2A66C00BDA873 /* FaceLockProject.app */,
			);
			name = Products;
			sourceTree = "<group>";
		};
		0ECA375023E2A66C00BDA873 /* FaceLockProject */ = {
			isa = PBXGroup;
			children = (
				0ECA375123E2A66C00BDA873 /* AppDelegate.swift */,
				0ECA376623E2B3F300BDA873 /* MenuViewController.swift */,
				0E10897A23E9E349007672B0 /* PhotoCapturer.swift */,
				0E38EEE123E84F200012A887 /* FaceLockProject-Bridging-Header.h */,
				0ECA375A23E2A66E00BDA873 /* Main.storyboard */,
				0ECA375523E2A66E00BDA873 /* Assets.xcassets */,
				0E38EEE823E853920012A887 /* CV */,
				0E10895F23E9E259007672B0 /* Models */,
				0E38EED323E7C9510012A887 /* Supporting Files */,
			);
			path = FaceLockProject;
			sourceTree = "<group>";
		};
		0ECA375723E2A66E00BDA873 /* Preview Content */ = {
			isa = PBXGroup;
			children = (
				0ECA375823E2A66E00BDA873 /* Preview Assets.xcassets */,
			);
			path = "Preview Content";
			sourceTree = "<group>";
		};
/* End PBXGroup section */

/* Begin PBXNativeTarget section */
		0ECA374D23E2A66B00BDA873 /* FaceLockProject */ = {
			isa = PBXNativeTarget;
			buildConfigurationList = 0ECA376123E2A66E00BDA873 /* Build configuration list for PBXNativeTarget "FaceLockProject" */;
			buildPhases = (
				0ECA374A23E2A66B00BDA873 /* Sources */,
				0ECA374B23E2A66B00BDA873 /* Frameworks */,
				0ECA374C23E2A66B00BDA873 /* Resources */,
			);
			buildRules = (
			);
			dependencies = (
			);
			name = FaceLockProject;
			productName = FaceLockProject;
			productReference = 0ECA374E23E2A66C00BDA873 /* FaceLockProject.app */;
			productType = "com.apple.product-type.application";
		};
/* End PBXNativeTarget section */

/* Begin PBXProject section */
		0ECA374623E2A66B00BDA873 /* Project object */ = {
			isa = PBXProject;
			attributes = {
				LastSwiftUpdateCheck = 1130;
				LastUpgradeCheck = 1130;
				ORGANIZATIONNAME = zh0ngtian;
				TargetAttributes = {
					0ECA374D23E2A66B00BDA873 = {
						CreatedOnToolsVersion = 11.3.1;
						LastSwiftMigration = 1130;
					};
				};
			};
			buildConfigurationList = 0ECA374923E2A66B00BDA873 /* Build configuration list for PBXProject "FaceLockProject" */;
			compatibilityVersion = "Xcode 9.3";
			developmentRegion = en;
			hasScannedForEncodings = 0;
			knownRegions = (
				en,
				Base,
			);
			mainGroup = 0ECA374523E2A66B00BDA873;
			productRefGroup = 0ECA374F23E2A66C00BDA873 /* Products */;
			projectDirPath = "";
			projectRoot = "";
			targets = (
				0ECA374D23E2A66B00BDA873 /* FaceLockProject */,
			);
		};
/* End PBXProject section */

/* Begin PBXResourcesBuildPhase section */
		0ECA374C23E2A66B00BDA873 /* Resources */ = {
			isa = PBXResourcesBuildPhase;
			buildActionMask = 2147483647;
			files = (
				0ECA375C23E2A66E00BDA873 /* Main.storyboard in Resources */,
				0E10896F23E9E259007672B0 /* det3.param in Resources */,
				0E10897123E9E259007672B0 /* det2.param in Resources */,
				0ECA375923E2A66E00BDA873 /* Preview Assets.xcassets in Resources */,
				0E10897523E9E259007672B0 /* mobilefacenet.param in Resources */,
				0E10896B23E9E259007672B0 /* mobilefacenet.bin in Resources */,
				0E10896D23E9E259007672B0 /* det3.prototxt in Resources */,
				0ECA375623E2A66E00BDA873 /* Assets.xcassets in Resources */,
				0E10897323E9E259007672B0 /* det3.bin in Resources */,
				0E10897423E9E259007672B0 /* det1.bin in Resources */,
				0E10897223E9E259007672B0 /* det2.bin in Resources */,
				0E10896C23E9E259007672B0 /* det1.prototxt in Resources */,
				0E10896E23E9E259007672B0 /* det2.prototxt in Resources */,
				0E10897023E9E259007672B0 /* det1.param in Resources */,
			);
			runOnlyForDeploymentPostprocessing = 0;
		};
/* End PBXResourcesBuildPhase section */

/* Begin PBXSourcesBuildPhase section */
		0ECA374A23E2A66B00BDA873 /* Sources */ = {
			isa = PBXSourcesBuildPhase;
			buildActionMask = 2147483647;
			files = (
				0ECA376723E2B3F300BDA873 /* MenuViewController.swift in Sources */,
				0E38EEE323E84F200012A887 /* CV.mm in Sources */,
				0E10890823E9C2B5007672B0 /* mobilefacenet.cpp in Sources */,
				0E38EEE623E8522A0012A887 /* mtcnn_mobilefacenet.cpp in Sources */,
				0ECA375223E2A66C00BDA873 /* AppDelegate.swift in Sources */,
				0E10890923E9C2B5007672B0 /* mtcnn.cpp in Sources */,
				0E10897B23E9E349007672B0 /* PhotoCapturer.swift in Sources */,
			);
			runOnlyForDeploymentPostprocessing = 0;
		};
/* End PBXSourcesBuildPhase section */

/* Begin PBXVariantGroup section */
		0ECA375A23E2A66E00BDA873 /* Main.storyboard */ = {
			isa = PBXVariantGroup;
			children = (
				0ECA375B23E2A66E00BDA873 /* Base */,
			);
			name = Main.storyboard;
			sourceTree = "<group>";
		};
/* End PBXVariantGroup section */

/* Begin XCBuildConfiguration section */
		0ECA375F23E2A66E00BDA873 /* Debug */ = {
			isa = XCBuildConfiguration;
			buildSettings = {
				ALWAYS_SEARCH_USER_PATHS = NO;
				CLANG_ANALYZER_NONNULL = YES;
				CLANG_ANALYZER_NUMBER_OBJECT_CONVERSION = YES_AGGRESSIVE;
				CLANG_CXX_LANGUAGE_STANDARD = "gnu++14";
				CLANG_CXX_LIBRARY = "libc++";
				CLANG_ENABLE_MODULES = YES;
				CLANG_ENABLE_OBJC_ARC = YES;
				CLANG_ENABLE_OBJC_WEAK = YES;
				CLANG_WARN_BLOCK_CAPTURE_AUTORELEASING = YES;
				CLANG_WARN_BOOL_CONVERSION = YES;
				CLANG_WARN_COMMA = YES;
				CLANG_WARN_CONSTANT_CONVERSION = YES;
				CLANG_WARN_DEPRECATED_OBJC_IMPLEMENTATIONS = YES;
				CLANG_WARN_DIRECT_OBJC_ISA_USAGE = YES_ERROR;
				CLANG_WARN_DOCUMENTATION_COMMENTS = YES;
				CLANG_WARN_EMPTY_BODY = YES;
				CLANG_WARN_ENUM_CONVERSION = YES;
				CLANG_WARN_INFINITE_RECURSION = YES;
				CLANG_WARN_INT_CONVERSION = YES;
				CLANG_WARN_NON_LITERAL_NULL_CONVERSION = YES;
				CLANG_WARN_OBJC_IMPLICIT_RETAIN_SELF = YES;
				CLANG_WARN_OBJC_LITERAL_CONVERSION = YES;
				CLANG_WARN_OBJC_ROOT_CLASS = YES_ERROR;
				CLANG_WARN_RANGE_LOOP_ANALYSIS = YES;
				CLANG_WARN_STRICT_PROTOTYPES = YES;
				CLANG_WARN_SUSPICIOUS_MOVE = YES;
				CLANG_WARN_UNGUARDED_AVAILABILITY = YES_AGGRESSIVE;
				CLANG_WARN_UNREACHABLE_CODE = YES;
				CLANG_WARN__DUPLICATE_METHOD_MATCH = YES;
				COPY_PHASE_STRIP = NO;
				DEBUG_INFORMATION_FORMAT = dwarf;
				ENABLE_STRICT_OBJC_MSGSEND = YES;
				ENABLE_TESTABILITY = YES;
				GCC_C_LANGUAGE_STANDARD = gnu11;
				GCC_DYNAMIC_NO_PIC = NO;
				GCC_NO_COMMON_BLOCKS = YES;
				GCC_OPTIMIZATION_LEVEL = 0;
				GCC_PREPROCESSOR_DEFINITIONS = (
					"DEBUG=1",
					"$(inherited)",
				);
				GCC_WARN_64_TO_32_BIT_CONVERSION = YES;
				GCC_WARN_ABOUT_RETURN_TYPE = YES_ERROR;
				GCC_WARN_UNDECLARED_SELECTOR = YES;
				GCC_WARN_UNINITIALIZED_AUTOS = YES_AGGRESSIVE;
				GCC_WARN_UNUSED_FUNCTION = YES;
				GCC_WARN_UNUSED_VARIABLE = YES;
				MACOSX_DEPLOYMENT_TARGET = 10.14;
				MTL_ENABLE_DEBUG_INFO = INCLUDE_SOURCE;
				MTL_FAST_MATH = YES;
				ONLY_ACTIVE_ARCH = YES;
				SDKROOT = macosx;
				SWIFT_ACTIVE_COMPILATION_CONDITIONS = DEBUG;
				SWIFT_OPTIMIZATION_LEVEL = "-Onone";
			};
			name = Debug;
		};
		0ECA376023E2A66E00BDA873 /* Release */ = {
			isa = XCBuildConfiguration;
			buildSettings = {
				ALWAYS_SEARCH_USER_PATHS = NO;
				CLANG_ANALYZER_NONNULL = YES;
				CLANG_ANALYZER_NUMBER_OBJECT_CONVERSION = YES_AGGRESSIVE;
				CLANG_CXX_LANGUAGE_STANDARD = "gnu++14";
				CLANG_CXX_LIBRARY = "libc++";
				CLANG_ENABLE_MODULES = YES;
				CLANG_ENABLE_OBJC_ARC = YES;
				CLANG_ENABLE_OBJC_WEAK = YES;
				CLANG_WARN_BLOCK_CAPTURE_AUTORELEASING = YES;
				CLANG_WARN_BOOL_CONVERSION = YES;
				CLANG_WARN_COMMA = YES;
				CLANG_WARN_CONSTANT_CONVERSION = YES;
				CLANG_WARN_DEPRECATED_OBJC_IMPLEMENTATIONS = YES;
				CLANG_WARN_DIRECT_OBJC_ISA_USAGE = YES_ERROR;
				CLANG_WARN_DOCUMENTATION_COMMENTS = YES;
				CLANG_WARN_EMPTY_BODY = YES;
				CLANG_WARN_ENUM_CONVERSION = YES;
				CLANG_WARN_INFINITE_RECURSION = YES;
				CLANG_WARN_INT_CONVERSION = YES;
				CLANG_WARN_NON_LITERAL_NULL_CONVERSION = YES;
				CLANG_WARN_OBJC_IMPLICIT_RETAIN_SELF = YES;
				CLANG_WARN_OBJC_LITERAL_CONVERSION = YES;
				CLANG_WARN_OBJC_ROOT_CLASS = YES_ERROR;
				CLANG_WARN_RANGE_LOOP_ANALYSIS = YES;
				CLANG_WARN_STRICT_PROTOTYPES = YES;
				CLANG_WARN_SUSPICIOUS_MOVE = YES;
				CLANG_WARN_UNGUARDED_AVAILABILITY = YES_AGGRESSIVE;
				CLANG_WARN_UNREACHABLE_CODE = YES;
				CLANG_WARN__DUPLICATE_METHOD_MATCH = YES;
				COPY_PHASE_STRIP = NO;
				DEBUG_INFORMATION_FORMAT = "dwarf-with-dsym";
				ENABLE_NS_ASSERTIONS = NO;
				ENABLE_STRICT_OBJC_MSGSEND = YES;
				GCC_C_LANGUAGE_STANDARD = gnu11;
				GCC_NO_COMMON_BLOCKS = YES;
				GCC_WARN_64_TO_32_BIT_CONVERSION = YES;
				GCC_WARN_ABOUT_RETURN_TYPE = YES_ERROR;
				GCC_WARN_UNDECLARED_SELECTOR = YES;
				GCC_WARN_UNINITIALIZED_AUTOS = YES_AGGRESSIVE;
				GCC_WARN_UNUSED_FUNCTION = YES;
				GCC_WARN_UNUSED_VARIABLE = YES;
				MACOSX_DEPLOYMENT_TARGET = 10.14;
				MTL_ENABLE_DEBUG_INFO = NO;
				MTL_FAST_MATH = YES;
				SDKROOT = macosx;
				SWIFT_COMPILATION_MODE = wholemodule;
				SWIFT_OPTIMIZATION_LEVEL = "-O";
			};
			name = Release;
		};
		0ECA376223E2A66E00BDA873 /* Debug */ = {
			isa = XCBuildConfiguration;
			buildSettings = {
				ASSETCATALOG_COMPILER_APPICON_NAME = AppIcon;
				CLANG_ENABLE_MODULES = YES;
				CODE_SIGN_ENTITLEMENTS = "FaceLockProject/Supporting Files/FaceLockProject.entitlements";
				CODE_SIGN_IDENTITY = "-";
				CODE_SIGN_STYLE = Automatic;
				COMBINE_HIDPI_IMAGES = YES;
				DEVELOPMENT_ASSET_PATHS = "\"FaceLockProject/Supporting Files/Preview Content\"";
				ENABLE_PREVIEWS = YES;
				FRAMEWORK_SEARCH_PATHS = (
					"$(inherited)",
					"$(PROJECT_DIR)",
				);
				HEADER_SEARCH_PATHS = "";
				INFOPLIST_FILE = "FaceLockProject/Supporting Files/Info.plist";
				LD_RUNPATH_SEARCH_PATHS = (
					"$(inherited)",
					"@executable_path/../Frameworks",
				);
				LIBRARY_SEARCH_PATHS = /Users/zhongtian/Documents/CppProjects/ncnn/build/install/lib;
				MACOSX_DEPLOYMENT_TARGET = 10.14;
				PRODUCT_BUNDLE_IDENTIFIER = tech.zh0ngtian.FaceLockProject;
				PRODUCT_NAME = "$(TARGET_NAME)";
				SWIFT_OBJC_BRIDGING_HEADER = "FaceLockProject/FaceLockProject-Bridging-Header.h";
				SWIFT_OPTIMIZATION_LEVEL = "-Onone";
				SWIFT_VERSION = 5.0;
			};
			name = Debug;
		};
		0ECA376323E2A66E00BDA873 /* Release */ = {
			isa = XCBuildConfiguration;
			buildSettings = {
				ASSETCATALOG_COMPILER_APPICON_NAME = AppIcon;
				CLANG_ENABLE_MODULES = YES;
				CODE_SIGN_ENTITLEMENTS = "FaceLockProject/Supporting Files/FaceLockProject.entitlements";
				CODE_SIGN_IDENTITY = "-";
				CODE_SIGN_STYLE = Automatic;
				COMBINE_HIDPI_IMAGES = YES;
				DEVELOPMENT_ASSET_PATHS = "\"FaceLockProject/Supporting Files/Preview Content\"";
				ENABLE_PREVIEWS = YES;
				FRAMEWORK_SEARCH_PATHS = (
					"$(inherited)",
					"$(PROJECT_DIR)",
				);
				HEADER_SEARCH_PATHS = "";
				INFOPLIST_FILE = "FaceLockProject/Supporting Files/Info.plist";
				LD_RUNPATH_SEARCH_PATHS = (
					"$(inherited)",
					"@executable_path/../Frameworks",
				);
				LIBRARY_SEARCH_PATHS = /Users/zhongtian/Documents/CppProjects/ncnn/build/install/lib;
				MACOSX_DEPLOYMENT_TARGET = 10.14;
				PRODUCT_BUNDLE_IDENTIFIER = tech.zh0ngtian.FaceLockProject;
				PRODUCT_NAME = "$(TARGET_NAME)";
				SWIFT_OBJC_BRIDGING_HEADER = "FaceLockProject/FaceLockProject-Bridging-Header.h";
				SWIFT_VERSION = 5.0;
			};
			name = Release;
		};
/* End XCBuildConfiguration section */

/* Begin XCConfigurationList section */
		0ECA374923E2A66B00BDA873 /* Build configuration list for PBXProject "FaceLockProject" */ = {
			isa = XCConfigurationList;
			buildConfigurations = (
				0ECA375F23E2A66E00BDA873 /* Debug */,
				0ECA376023E2A66E00BDA873 /* Release */,
			);
			defaultConfigurationIsVisible = 0;
			defaultConfigurationName = Release;
		};
		0ECA376123E2A66E00BDA873 /* Build configuration list for PBXNativeTarget "FaceLockProject" */ = {
			isa = XCConfigurationList;
			buildConfigurations = (
				0ECA376223E2A66E00BDA873 /* Debug */,
				0ECA376323E2A66E00BDA873 /* Release */,
			);
			defaultConfigurationIsVisible = 0;
			defaultConfigurationName = Release;
		};
/* End XCConfigurationList section */
	};
	rootObject = 0ECA374623E2A66B00BDA873 /* Project object */;
}
